
Microsoft Visual Studio Solution File, Format Version 12.00
# Visual Studio Version 17
VisualStudioVersion = 17.2.32519.379
MinimumVisualStudioVersion = 10.0.40219.1
Project("{FAE04EC0-301F-11D3-BF4B-00C04F79EFBC}") = "MethodInjection", "MethodInjection\MethodInjection.csproj", "{36AF92E7-CFD9-4BB2-BE31-E5227B8C91C9}"
EndProject
Global
	GlobalSection(SolutionConfigurationPlatforms) = preSolution
		Debug|Any CPU = Debug|Any CPU
		Release|Any CPU = Release|Any CPU
	EndGlobalSection
	GlobalSection(ProjectConfigurationPlatforms) = postSolution
		{36AF92E7-CFD9-4BB2-BE31-E5227B8C91C9}.Debug|Any CPU.ActiveCfg = Debug|Any CPU
		{36AF92E7-CFD9-4BB2-BE31-E5227B8C91C9}.Debug|Any CPU.Build.0 = Debug|Any CPU
		{36AF92E7-CFD9-4BB2-BE31-E5227B8C91C9}.Release|Any CPU.ActiveCfg = Release|Any CPU
		{36AF92E7-CFD9-4BB2-BE31-E5227B8C91C9}.Release|Any CPU.Build.0 = Release|Any CPU
	EndGlobalSection
	GlobalSection(SolutionProperties) = preSolution
		HideSolutionNode = FALSE
	EndGlobalSection
	GlobalSection(ExtensibilityGlobals) = postSolution
		SolutionGuid = {1A1506FD-B911-4A0A-AC65-870630C08BD2}
	EndGlobalSection
EndGlobal
